
Microsoft Visual Studio Solution File, Format Version 12.00
# Visual Studio 15
Project("{FAE04EC0-301F-11D3-BF4B-00C04F79EFBC}") = "Assembly-CSharp-Editor", "Assembly-CSharp-Editor.csproj", "{B4951D46-87FD-85B8-5008-1FD8F162A125}"
EndProject
Project("{FAE04EC0-301F-11D3-BF4B-00C04F79EFBC}") = "Assembly-CSharp", "Assembly-CSharp.csproj", "{3474D656-BD7E-27DC-C677-88371BD82C7F}"
EndProject
Global
	GlobalSection(SolutionConfigurationPlatforms) = preSolution
		Debug|Any CPU = Debug|Any CPU
		Release|Any CPU = Release|Any CPU
	EndGlobalSection
	GlobalSection(ProjectConfigurationPlatforms) = postSolution
		{B4951D46-87FD-85B8-5008-1FD8F162A125}.Debug|Any CPU.ActiveCfg = Debug|Any CPU
		{B4951D46-87FD-85B8-5008-1FD8F162A125}.Debug|Any CPU.Build.0 = Debug|Any CPU
		{B4951D46-87FD-85B8-5008-1FD8F162A125}.Release|Any CPU.ActiveCfg = Release|Any CPU
		{B4951D46-87FD-85B8-5008-1FD8F162A125}.Release|Any CPU.Build.0 = Release|Any CPU
		{3474D656-BD7E-27DC-C677-88371BD82C7F}.Debug|Any CPU.ActiveCfg = Debug|Any CPU
		{3474D656-BD7E-27DC-C677-88371BD82C7F}.Debug|Any CPU.Build.0 = Debug|Any CPU
		{3474D656-BD7E-27DC-C677-88371BD82C7F}.Release|Any CPU.ActiveCfg = Release|Any CPU
		{3474D656-BD7E-27DC-C677-88371BD82C7F}.Release|Any CPU.Build.0 = Release|Any CPU
	EndGlobalSection
	GlobalSection(SolutionProperties) = preSolution
		HideSolutionNode = FALSE
	EndGlobalSection
EndGlobal
